
Microsoft Visual Studio Solution File, Format Version 12.00
# Visual Studio Version 16
VisualStudioVersion = 16.0.32228.343
MinimumVisualStudioVersion = 10.0.40219.1
Project("{FAE04EC0-301F-11D3-BF4B-00C04F79EFBC}") = "MyClassSegment", "MyClassSegment.csproj", "{4914D432-E513-412E-BD2B-6209B0F58BED}"
EndProject
Global
	GlobalSection(SolutionConfigurationPlatforms) = preSolution
		Debug|Any CPU = Debug|Any CPU
		Release|Any CPU = Release|Any CPU
	EndGlobalSection
	GlobalSection(ProjectConfigurationPlatforms) = postSolution
		{4914D432-E513-412E-BD2B-6209B0F58BED}.Debug|Any CPU.ActiveCfg = Debug|Any CPU
		{4914D432-E513-412E-BD2B-6209B0F58BED}.Debug|Any CPU.Build.0 = Debug|Any CPU
		{4914D432-E513-412E-BD2B-6209B0F58BED}.Release|Any CPU.ActiveCfg = Release|Any CPU
		{4914D432-E513-412E-BD2B-6209B0F58BED}.Release|Any CPU.Build.0 = Release|Any CPU
	EndGlobalSection
	GlobalSection(SolutionProperties) = preSolution
		HideSolutionNode = FALSE
	EndGlobalSection
	GlobalSection(ExtensibilityGlobals) = postSolution
		SolutionGuid = {E77CBC1C-69F7-4EE9-A0BA-B70ED612FEA4}
	EndGlobalSection
EndGlobal
